
Microsoft Visual Studio Solution File, Format Version 12.00
# Visual Studio 15
VisualStudioVersion = 15.0.27428.2015
MinimumVisualStudioVersion = 10.0.40219.1
Project("{9A19103F-16F7-4668-BE54-9A1E7A4F7556}") = "Tuhu.C.SyncProductPriceJob", "Tuhu.C.SyncProductPriceJob\Tuhu.C.SyncProductPriceJob.csproj", "{692FF6F0-BE63-4471-A965-2289C317EA7D}"
EndProject
Project("{FAE04EC0-301F-11D3-BF4B-00C04F79EFBC}") = "DdSdk", "DdSdk\DdSdk.csproj", "{5AC3A3C0-E426-42B0-A409-B6D6F290D754}"
EndProject
Project("{FAE04EC0-301F-11D3-BF4B-00C04F79EFBC}") = "JdSdk", "jdSdk\JdSdk.csproj", "{D3113D66-9A77-487A-99F8-528C0F763C60}"
EndProject
Project("{FAE04EC0-301F-11D3-BF4B-00C04F79EFBC}") = "MwsSdk", "MwsSdk\MwsSdk.csproj", "{2539B773-6C17-4E10-9367-EB6FB8AAACC1}"
EndProject
Project("{FAE04EC0-301F-11D3-BF4B-00C04F79EFBC}") = "QplSDK", "QplSDK\QplSDK.csproj", "{A47A53EE-0608-4B34-85AB-36C3DF86118C}"
EndProject
Project("{FAE04EC0-301F-11D3-BF4B-00C04F79EFBC}") = "TopSdk", "TopSdk\TopSdk.csproj", "{9C11CAE5-5188-4E71-825B-68FC3135728A}"
EndProject
Project("{FAE04EC0-301F-11D3-BF4B-00C04F79EFBC}") = "PddSdk", "PddSdk\PddSdk.csproj", "{4E05FF9F-0DCB-4D87-AFE7-1B734B26C638}"
EndProject
Project("{FAE04EC0-301F-11D3-BF4B-00C04F79EFBC}") = "Tuhu.C.ThirdParty.SyncProductPrice.Test", "Tuhu.C.ThirdParty.SyncProductPrice.Test\Tuhu.C.ThirdParty.SyncProductPrice.Test.csproj", "{6FB3A142-31F7-4B37-9080-1A301B3A0088}"
EndProject
Global
	GlobalSection(SolutionConfigurationPlatforms) = preSolution
		Debug|Any CPU = Debug|Any CPU
		Release|Any CPU = Release|Any CPU
	EndGlobalSection
	GlobalSection(ProjectConfigurationPlatforms) = postSolution
		{692FF6F0-BE63-4471-A965-2289C317EA7D}.Debug|Any CPU.ActiveCfg = Debug|Any CPU
		{692FF6F0-BE63-4471-A965-2289C317EA7D}.Debug|Any CPU.Build.0 = Debug|Any CPU
		{692FF6F0-BE63-4471-A965-2289C317EA7D}.Release|Any CPU.ActiveCfg = Release|Any CPU
		{692FF6F0-BE63-4471-A965-2289C317EA7D}.Release|Any CPU.Build.0 = Release|Any CPU
		{5AC3A3C0-E426-42B0-A409-B6D6F290D754}.Debug|Any CPU.ActiveCfg = Debug|Any CPU
		{5AC3A3C0-E426-42B0-A409-B6D6F290D754}.Debug|Any CPU.Build.0 = Debug|Any CPU
		{5AC3A3C0-E426-42B0-A409-B6D6F290D754}.Release|Any CPU.ActiveCfg = Release|Any CPU
		{5AC3A3C0-E426-42B0-A409-B6D6F290D754}.Release|Any CPU.Build.0 = Release|Any CPU
		{D3113D66-9A77-487A-99F8-528C0F763C60}.Debug|Any CPU.ActiveCfg = Debug|Any CPU
		{D3113D66-9A77-487A-99F8-528C0F763C60}.Debug|Any CPU.Build.0 = Debug|Any CPU
		{D3113D66-9A77-487A-99F8-528C0F763C60}.Release|Any CPU.ActiveCfg = Release|Any CPU
		{D3113D66-9A77-487A-99F8-528C0F763C60}.Release|Any CPU.Build.0 = Release|Any CPU
		{2539B773-6C17-4E10-9367-EB6FB8AAACC1}.Debug|Any CPU.ActiveCfg = Debug|Any CPU
		{2539B773-6C17-4E10-9367-EB6FB8AAACC1}.Debug|Any CPU.Build.0 = Debug|Any CPU
		{2539B773-6C17-4E10-9367-EB6FB8AAACC1}.Release|Any CPU.ActiveCfg = Release|Any CPU
		{2539B773-6C17-4E10-9367-EB6FB8AAACC1}.Release|Any CPU.Build.0 = Release|Any CPU
		{A47A53EE-0608-4B34-85AB-36C3DF86118C}.Debug|Any CPU.ActiveCfg = Debug|Any CPU
		{A47A53EE-0608-4B34-85AB-36C3DF86118C}.Debug|Any CPU.Build.0 = Debug|Any CPU
		{A47A53EE-0608-4B34-85AB-36C3DF86118C}.Release|Any CPU.ActiveCfg = Release|Any CPU
		{A47A53EE-0608-4B34-85AB-36C3DF86118C}.Release|Any CPU.Build.0 = Release|Any CPU
		{9C11CAE5-5188-4E71-825B-68FC3135728A}.Debug|Any CPU.ActiveCfg = Debug|Any CPU
		{9C11CAE5-5188-4E71-825B-68FC3135728A}.Debug|Any CPU.Build.0 = Debug|Any CPU
		{9C11CAE5-5188-4E71-825B-68FC3135728A}.Release|Any CPU.ActiveCfg = Release|Any CPU
		{9C11CAE5-5188-4E71-825B-68FC3135728A}.Release|Any CPU.Build.0 = Release|Any CPU
		{4E05FF9F-0DCB-4D87-AFE7-1B734B26C638}.Debug|Any CPU.ActiveCfg = Debug|Any CPU
		{4E05FF9F-0DCB-4D87-AFE7-1B734B26C638}.Debug|Any CPU.Build.0 = Debug|Any CPU
		{4E05FF9F-0DCB-4D87-AFE7-1B734B26C638}.Release|Any CPU.ActiveCfg = Release|Any CPU
		{4E05FF9F-0DCB-4D87-AFE7-1B734B26C638}.Release|Any CPU.Build.0 = Release|Any CPU
		{6FB3A142-31F7-4B37-9080-1A301B3A0088}.Debug|Any CPU.ActiveCfg = Debug|Any CPU
		{6FB3A142-31F7-4B37-9080-1A301B3A0088}.Debug|Any CPU.Build.0 = Debug|Any CPU
		{6FB3A142-31F7-4B37-9080-1A301B3A0088}.Release|Any CPU.ActiveCfg = Release|Any CPU
		{6FB3A142-31F7-4B37-9080-1A301B3A0088}.Release|Any CPU.Build.0 = Release|Any CPU
	EndGlobalSection
	GlobalSection(SolutionProperties) = preSolution
		HideSolutionNode = FALSE
	EndGlobalSection
	GlobalSection(ExtensibilityGlobals) = postSolution
		SolutionGuid = {15B06BF9-D240-4C13-ABBA-1F1B0F61489B}
	EndGlobalSection
EndGlobal
