
Microsoft Visual Studio Solution File, Format Version 12.00
# Visual Studio 15
VisualStudioVersion = 15.0.27004.2005
MinimumVisualStudioVersion = 10.0.40219.1
Project("{FAE04EC0-301F-11D3-BF4B-00C04F79EFBC}") = "Tuhu.C.Job", "Tuhu.C.Job\Tuhu.C.Job.csproj", "{95D9E5D7-EA62-4EDC-9BAD-B5A84FDD6539}"
EndProject
Project("{FAE04EC0-301F-11D3-BF4B-00C04F79EFBC}") = "Tuhu.C.Job.Activity", "Tuhu.C.Job.Activity\Tuhu.C.Job.Activity.csproj", "{531D098E-FA3B-4F8E-95C4-F7ADE4B39BE5}"
EndProject
Project("{FAE04EC0-301F-11D3-BF4B-00C04F79EFBC}") = "Tuhu.C.Job.CompetingProducts", "Tuhu.C.Job.CompetingProducts\Tuhu.C.Job.CompetingProducts.csproj", "{F6093769-183C-40AB-9BFD-2BCBC4A935BE}"
EndProject
Project("{FAE04EC0-301F-11D3-BF4B-00C04F79EFBC}") = "Tuhu.C.Job.DailyShopSyncJob", "Tuhu.C.Job.DailyShopSyncJob\Tuhu.C.Job.DailyShopSyncJob.csproj", "{258BCBB9-AC2F-4EE6-870A-7DFC13143E13}"
EndProject
Project("{FAE04EC0-301F-11D3-BF4B-00C04F79EFBC}") = "Tuhu.C.Job.DailySitemap", "Tuhu.C.Job.DailySitemap\Tuhu.C.Job.DailySitemap.csproj", "{C108F415-0E0E-4D2B-9CD7-5759260BDD0B}"
EndProject
Project("{FAE04EC0-301F-11D3-BF4B-00C04F79EFBC}") = "Tuhu.C.Job.DataStore", "Tuhu.C.Job.DataStore\Tuhu.C.Job.DataStore.csproj", "{09B28985-9D24-4E7C-8DC2-8FDC5D24D119}"
EndProject
Project("{FAE04EC0-301F-11D3-BF4B-00C04F79EFBC}") = "Tuhu.C.Job.GaizhuangRecommendCache", "Tuhu.C.Job.GaizhuangRecommendCache\Tuhu.C.Job.GaizhuangRecommendCache.csproj", "{B618BD39-BE2E-400B-9672-0FA39F83F157}"
EndProject
Project("{FAE04EC0-301F-11D3-BF4B-00C04F79EFBC}") = "Tuhu.C.Job.Initialization", "Tuhu.C.Job.Initialization\Tuhu.C.Job.Initialization.csproj", "{2073F8E3-D4E5-4D53-B6CC-4DE65A174E0A}"
EndProject
Project("{FAE04EC0-301F-11D3-BF4B-00C04F79EFBC}") = "Tuhu.C.Job.ProductCache", "Tuhu.C.Job.ProductCache\Tuhu.C.Job.ProductCache.csproj", "{1FE4CA30-B11C-49A0-92D7-468043918368}"
EndProject
Project("{FAE04EC0-301F-11D3-BF4B-00C04F79EFBC}") = "Tuhu.C.Job.PromotionTask", "Tuhu.C.Job.PromotionTask\Tuhu.C.Job.PromotionTask.csproj", "{B6622BC6-30B2-4C1B-B663-C523B8382C08}"
EndProject
Project("{FAE04EC0-301F-11D3-BF4B-00C04F79EFBC}") = "Tuhu.C.Job.PushProduct", "Tuhu.C.Job.PushProduct\Tuhu.C.Job.PushProduct.csproj", "{FF63F163-FDCD-454D-8ABF-7B21490070DE}"
EndProject
Project("{FAE04EC0-301F-11D3-BF4B-00C04F79EFBC}") = "Tuhu.C.Job.SecondHandCar", "Tuhu.C.Job.SecondHandCar\Tuhu.C.Job.SecondHandCar.csproj", "{53EB5CA8-5F92-443E-B6E6-1199B15B2316}"
EndProject
Project("{FAE04EC0-301F-11D3-BF4B-00C04F79EFBC}") = "Tuhu.C.Job.ShopSyncJob", "Tuhu.C.Job.ShopSyncJob\Tuhu.C.Job.ShopSyncJob.csproj", "{494D0209-2BEB-4E38-9D95-AFA92F383010}"
EndProject
Project("{FAE04EC0-301F-11D3-BF4B-00C04F79EFBC}") = "Tuhu.C.Job.WeeklySitemap", "Tuhu.C.Job.Sitemap\Tuhu.C.Job.WeeklySitemap.csproj", "{6247C547-6275-4CD3-AD68-B1AD5F6ACE1B}"
EndProject
Project("{FAE04EC0-301F-11D3-BF4B-00C04F79EFBC}") = "Tuhu.C.Job.Tire", "Tuhu.C.Job.Tire\Tuhu.C.Job.Tire.csproj", "{0CF0822F-783B-455F-ACFF-8AB90A0A023E}"
EndProject
Project("{FAE04EC0-301F-11D3-BF4B-00C04F79EFBC}") = "Tuhu.C.Job.UserAccountCombine", "Tuhu.C.Job.UserAccountCombine\Tuhu.C.Job.UserAccountCombine.csproj", "{9ED96931-0FBA-487A-8560-2CF6F9CE5429}"
EndProject
Project("{FAE04EC0-301F-11D3-BF4B-00C04F79EFBC}") = "Tuhu.C.Job.UserAuthJob", "Tuhu.C.Job.UserAuthJob\Tuhu.C.Job.UserAuthJob.csproj", "{3192EA3A-C772-4A30-B4AD-9CD4CB6EADA3}"
EndProject
Project("{FAE04EC0-301F-11D3-BF4B-00C04F79EFBC}") = "Tuhu.C.Job.UserGrouping", "Tuhu.C.Job.UserGrouping\Tuhu.C.Job.UserGrouping.csproj", "{75B5F9D1-667B-4ABB-BBAD-92DADEE1CB08}"
EndProject
Project("{FAE04EC0-301F-11D3-BF4B-00C04F79EFBC}") = "Tuhu.C.Job.UserShareJob", "Tuhu.C.Job.UserShareJob\Tuhu.C.Job.UserShareJob.csproj", "{3A6027BD-051E-4DBB-B0FC-FBEB1750BE42}"
EndProject
Project("{FAE04EC0-301F-11D3-BF4B-00C04F79EFBC}") = "Tuhu.C.Job.ThirdPart", "Tuhu.C.Job.ThirdPart\Tuhu.C.Job.ThirdPart.csproj", "{38589CA8-8A9C-4DD7-95D1-DF8EA9FA9A51}"
EndProject
Project("{FAE04EC0-301F-11D3-BF4B-00C04F79EFBC}") = "Tuhu.C.Job.BaoYangSuggest", "Tuhu.C.Job.BaoYangSuggest\Tuhu.C.Job.BaoYangSuggest.csproj", "{8F3DA659-356C-48B3-8E9D-85134AAAF728}"
EndProject
Project("{FAE04EC0-301F-11D3-BF4B-00C04F79EFBC}") = "Tuhu.C.Job.ActivityMonitor", "Tuhu.C.Job.ActivityMonitor\Tuhu.C.Job.ActivityMonitor.csproj", "{0531FCC5-B7B8-459C-92DD-719D7164A92A}"
EndProject
Project("{FAE04EC0-301F-11D3-BF4B-00C04F79EFBC}") = "Tuhu.C.Job.CheckAlipayShopJob", "Tuhu.C.Job.CheckAlipayShopJob\Tuhu.C.Job.CheckAlipayShopJob.csproj", "{26561FEF-8A44-4EDB-95BC-781CD9B3153C}"
EndProject
Project("{FAE04EC0-301F-11D3-BF4B-00C04F79EFBC}") = "Tuhu.C.Job.PushAdInfo", "Tuhu.C.Job.PushAdInfo\Tuhu.C.Job.PushAdInfo.csproj", "{1EFB064F-6553-417F-8778-E9F631188923}"
EndProject
Project("{FAE04EC0-301F-11D3-BF4B-00C04F79EFBC}") = "Tuhu.C.Job.HomePage", "Tuhu.C.Job.HomePage\Tuhu.C.Job.HomePage.csproj", "{01E3C336-69CD-4267-B832-3C9CA91A1079}"
EndProject
Global
	GlobalSection(SolutionConfigurationPlatforms) = preSolution
		Debug|Any CPU = Debug|Any CPU
		Debug|Mixed Platforms = Debug|Mixed Platforms
		Debug|x86 = Debug|x86
		Release|Any CPU = Release|Any CPU
		Release|Mixed Platforms = Release|Mixed Platforms
		Release|x86 = Release|x86
	EndGlobalSection
	GlobalSection(ProjectConfigurationPlatforms) = postSolution
		{95D9E5D7-EA62-4EDC-9BAD-B5A84FDD6539}.Debug|Any CPU.ActiveCfg = Debug|Any CPU
		{95D9E5D7-EA62-4EDC-9BAD-B5A84FDD6539}.Debug|Any CPU.Build.0 = Debug|Any CPU
		{95D9E5D7-EA62-4EDC-9BAD-B5A84FDD6539}.Debug|Mixed Platforms.ActiveCfg = Debug|Any CPU
		{95D9E5D7-EA62-4EDC-9BAD-B5A84FDD6539}.Debug|Mixed Platforms.Build.0 = Debug|Any CPU
		{95D9E5D7-EA62-4EDC-9BAD-B5A84FDD6539}.Debug|x86.ActiveCfg = Debug|Any CPU
		{95D9E5D7-EA62-4EDC-9BAD-B5A84FDD6539}.Debug|x86.Build.0 = Debug|Any CPU
		{95D9E5D7-EA62-4EDC-9BAD-B5A84FDD6539}.Release|Any CPU.ActiveCfg = Release|Any CPU
		{95D9E5D7-EA62-4EDC-9BAD-B5A84FDD6539}.Release|Any CPU.Build.0 = Release|Any CPU
		{95D9E5D7-EA62-4EDC-9BAD-B5A84FDD6539}.Release|Mixed Platforms.ActiveCfg = Release|Any CPU
		{95D9E5D7-EA62-4EDC-9BAD-B5A84FDD6539}.Release|Mixed Platforms.Build.0 = Release|Any CPU
		{95D9E5D7-EA62-4EDC-9BAD-B5A84FDD6539}.Release|x86.ActiveCfg = Release|Any CPU
		{95D9E5D7-EA62-4EDC-9BAD-B5A84FDD6539}.Release|x86.Build.0 = Release|Any CPU
		{531D098E-FA3B-4F8E-95C4-F7ADE4B39BE5}.Debug|Any CPU.ActiveCfg = Debug|Any CPU
		{531D098E-FA3B-4F8E-95C4-F7ADE4B39BE5}.Debug|Any CPU.Build.0 = Debug|Any CPU
		{531D098E-FA3B-4F8E-95C4-F7ADE4B39BE5}.Debug|Mixed Platforms.ActiveCfg = Debug|Any CPU
		{531D098E-FA3B-4F8E-95C4-F7ADE4B39BE5}.Debug|Mixed Platforms.Build.0 = Debug|Any CPU
		{531D098E-FA3B-4F8E-95C4-F7ADE4B39BE5}.Debug|x86.ActiveCfg = Debug|Any CPU
		{531D098E-FA3B-4F8E-95C4-F7ADE4B39BE5}.Debug|x86.Build.0 = Debug|Any CPU
		{531D098E-FA3B-4F8E-95C4-F7ADE4B39BE5}.Release|Any CPU.ActiveCfg = Release|Any CPU
		{531D098E-FA3B-4F8E-95C4-F7ADE4B39BE5}.Release|Any CPU.Build.0 = Release|Any CPU
		{531D098E-FA3B-4F8E-95C4-F7ADE4B39BE5}.Release|Mixed Platforms.ActiveCfg = Release|Any CPU
		{531D098E-FA3B-4F8E-95C4-F7ADE4B39BE5}.Release|Mixed Platforms.Build.0 = Release|Any CPU
		{531D098E-FA3B-4F8E-95C4-F7ADE4B39BE5}.Release|x86.ActiveCfg = Release|Any CPU
		{531D098E-FA3B-4F8E-95C4-F7ADE4B39BE5}.Release|x86.Build.0 = Release|Any CPU
		{F6093769-183C-40AB-9BFD-2BCBC4A935BE}.Debug|Any CPU.ActiveCfg = Debug|Any CPU
		{F6093769-183C-40AB-9BFD-2BCBC4A935BE}.Debug|Any CPU.Build.0 = Debug|Any CPU
		{F6093769-183C-40AB-9BFD-2BCBC4A935BE}.Debug|Mixed Platforms.ActiveCfg = Debug|Any CPU
		{F6093769-183C-40AB-9BFD-2BCBC4A935BE}.Debug|Mixed Platforms.Build.0 = Debug|Any CPU
		{F6093769-183C-40AB-9BFD-2BCBC4A935BE}.Debug|x86.ActiveCfg = Debug|Any CPU
		{F6093769-183C-40AB-9BFD-2BCBC4A935BE}.Debug|x86.Build.0 = Debug|Any CPU
		{F6093769-183C-40AB-9BFD-2BCBC4A935BE}.Release|Any CPU.ActiveCfg = Release|Any CPU
		{F6093769-183C-40AB-9BFD-2BCBC4A935BE}.Release|Any CPU.Build.0 = Release|Any CPU
		{F6093769-183C-40AB-9BFD-2BCBC4A935BE}.Release|Mixed Platforms.ActiveCfg = Release|Any CPU
		{F6093769-183C-40AB-9BFD-2BCBC4A935BE}.Release|Mixed Platforms.Build.0 = Release|Any CPU
		{F6093769-183C-40AB-9BFD-2BCBC4A935BE}.Release|x86.ActiveCfg = Release|Any CPU
		{F6093769-183C-40AB-9BFD-2BCBC4A935BE}.Release|x86.Build.0 = Release|Any CPU
		{258BCBB9-AC2F-4EE6-870A-7DFC13143E13}.Debug|Any CPU.ActiveCfg = Debug|Any CPU
		{258BCBB9-AC2F-4EE6-870A-7DFC13143E13}.Debug|Any CPU.Build.0 = Debug|Any CPU
		{258BCBB9-AC2F-4EE6-870A-7DFC13143E13}.Debug|Mixed Platforms.ActiveCfg = Debug|Any CPU
		{258BCBB9-AC2F-4EE6-870A-7DFC13143E13}.Debug|Mixed Platforms.Build.0 = Debug|Any CPU
		{258BCBB9-AC2F-4EE6-870A-7DFC13143E13}.Debug|x86.ActiveCfg = Debug|Any CPU
		{258BCBB9-AC2F-4EE6-870A-7DFC13143E13}.Debug|x86.Build.0 = Debug|Any CPU
		{258BCBB9-AC2F-4EE6-870A-7DFC13143E13}.Release|Any CPU.ActiveCfg = Release|Any CPU
		{258BCBB9-AC2F-4EE6-870A-7DFC13143E13}.Release|Any CPU.Build.0 = Release|Any CPU
		{258BCBB9-AC2F-4EE6-870A-7DFC13143E13}.Release|Mixed Platforms.ActiveCfg = Release|Any CPU
		{258BCBB9-AC2F-4EE6-870A-7DFC13143E13}.Release|Mixed Platforms.Build.0 = Release|Any CPU
		{258BCBB9-AC2F-4EE6-870A-7DFC13143E13}.Release|x86.ActiveCfg = Release|Any CPU
		{258BCBB9-AC2F-4EE6-870A-7DFC13143E13}.Release|x86.Build.0 = Release|Any CPU
		{C108F415-0E0E-4D2B-9CD7-5759260BDD0B}.Debug|Any CPU.ActiveCfg = Debug|Any CPU
		{C108F415-0E0E-4D2B-9CD7-5759260BDD0B}.Debug|Any CPU.Build.0 = Debug|Any CPU
		{C108F415-0E0E-4D2B-9CD7-5759260BDD0B}.Debug|Mixed Platforms.ActiveCfg = Debug|Any CPU
		{C108F415-0E0E-4D2B-9CD7-5759260BDD0B}.Debug|Mixed Platforms.Build.0 = Debug|Any CPU
		{C108F415-0E0E-4D2B-9CD7-5759260BDD0B}.Debug|x86.ActiveCfg = Debug|Any CPU
		{C108F415-0E0E-4D2B-9CD7-5759260BDD0B}.Debug|x86.Build.0 = Debug|Any CPU
		{C108F415-0E0E-4D2B-9CD7-5759260BDD0B}.Release|Any CPU.ActiveCfg = Release|Any CPU
		{C108F415-0E0E-4D2B-9CD7-5759260BDD0B}.Release|Any CPU.Build.0 = Release|Any CPU
		{C108F415-0E0E-4D2B-9CD7-5759260BDD0B}.Release|Mixed Platforms.ActiveCfg = Release|Any CPU
		{C108F415-0E0E-4D2B-9CD7-5759260BDD0B}.Release|Mixed Platforms.Build.0 = Release|Any CPU
		{C108F415-0E0E-4D2B-9CD7-5759260BDD0B}.Release|x86.ActiveCfg = Release|Any CPU
		{C108F415-0E0E-4D2B-9CD7-5759260BDD0B}.Release|x86.Build.0 = Release|Any CPU
		{09B28985-9D24-4E7C-8DC2-8FDC5D24D119}.Debug|Any CPU.ActiveCfg = Debug|Any CPU
		{09B28985-9D24-4E7C-8DC2-8FDC5D24D119}.Debug|Any CPU.Build.0 = Debug|Any CPU
		{09B28985-9D24-4E7C-8DC2-8FDC5D24D119}.Debug|Mixed Platforms.ActiveCfg = Debug|Any CPU
		{09B28985-9D24-4E7C-8DC2-8FDC5D24D119}.Debug|Mixed Platforms.Build.0 = Debug|Any CPU
		{09B28985-9D24-4E7C-8DC2-8FDC5D24D119}.Debug|x86.ActiveCfg = Debug|Any CPU
		{09B28985-9D24-4E7C-8DC2-8FDC5D24D119}.Debug|x86.Build.0 = Debug|Any CPU
		{09B28985-9D24-4E7C-8DC2-8FDC5D24D119}.Release|Any CPU.ActiveCfg = Release|Any CPU
		{09B28985-9D24-4E7C-8DC2-8FDC5D24D119}.Release|Any CPU.Build.0 = Release|Any CPU
		{09B28985-9D24-4E7C-8DC2-8FDC5D24D119}.Release|Mixed Platforms.ActiveCfg = Release|Any CPU
		{09B28985-9D24-4E7C-8DC2-8FDC5D24D119}.Release|Mixed Platforms.Build.0 = Release|Any CPU
		{09B28985-9D24-4E7C-8DC2-8FDC5D24D119}.Release|x86.ActiveCfg = Release|Any CPU
		{09B28985-9D24-4E7C-8DC2-8FDC5D24D119}.Release|x86.Build.0 = Release|Any CPU
		{B618BD39-BE2E-400B-9672-0FA39F83F157}.Debug|Any CPU.ActiveCfg = Debug|Any CPU
		{B618BD39-BE2E-400B-9672-0FA39F83F157}.Debug|Any CPU.Build.0 = Debug|Any CPU
		{B618BD39-BE2E-400B-9672-0FA39F83F157}.Debug|Mixed Platforms.ActiveCfg = Debug|Any CPU
		{B618BD39-BE2E-400B-9672-0FA39F83F157}.Debug|Mixed Platforms.Build.0 = Debug|Any CPU
		{B618BD39-BE2E-400B-9672-0FA39F83F157}.Debug|x86.ActiveCfg = Debug|Any CPU
		{B618BD39-BE2E-400B-9672-0FA39F83F157}.Debug|x86.Build.0 = Debug|Any CPU
		{B618BD39-BE2E-400B-9672-0FA39F83F157}.Release|Any CPU.ActiveCfg = Release|Any CPU
		{B618BD39-BE2E-400B-9672-0FA39F83F157}.Release|Any CPU.Build.0 = Release|Any CPU
		{B618BD39-BE2E-400B-9672-0FA39F83F157}.Release|Mixed Platforms.ActiveCfg = Release|Any CPU
		{B618BD39-BE2E-400B-9672-0FA39F83F157}.Release|Mixed Platforms.Build.0 = Release|Any CPU
		{B618BD39-BE2E-400B-9672-0FA39F83F157}.Release|x86.ActiveCfg = Release|Any CPU
		{B618BD39-BE2E-400B-9672-0FA39F83F157}.Release|x86.Build.0 = Release|Any CPU
		{2073F8E3-D4E5-4D53-B6CC-4DE65A174E0A}.Debug|Any CPU.ActiveCfg = Debug|Any CPU
		{2073F8E3-D4E5-4D53-B6CC-4DE65A174E0A}.Debug|Any CPU.Build.0 = Debug|Any CPU
		{2073F8E3-D4E5-4D53-B6CC-4DE65A174E0A}.Debug|Mixed Platforms.ActiveCfg = Debug|Any CPU
		{2073F8E3-D4E5-4D53-B6CC-4DE65A174E0A}.Debug|Mixed Platforms.Build.0 = Debug|Any CPU
		{2073F8E3-D4E5-4D53-B6CC-4DE65A174E0A}.Debug|x86.ActiveCfg = Debug|Any CPU
		{2073F8E3-D4E5-4D53-B6CC-4DE65A174E0A}.Debug|x86.Build.0 = Debug|Any CPU
		{2073F8E3-D4E5-4D53-B6CC-4DE65A174E0A}.Release|Any CPU.ActiveCfg = Release|Any CPU
		{2073F8E3-D4E5-4D53-B6CC-4DE65A174E0A}.Release|Any CPU.Build.0 = Release|Any CPU
		{2073F8E3-D4E5-4D53-B6CC-4DE65A174E0A}.Release|Mixed Platforms.ActiveCfg = Release|Any CPU
		{2073F8E3-D4E5-4D53-B6CC-4DE65A174E0A}.Release|Mixed Platforms.Build.0 = Release|Any CPU
		{2073F8E3-D4E5-4D53-B6CC-4DE65A174E0A}.Release|x86.ActiveCfg = Release|Any CPU
		{2073F8E3-D4E5-4D53-B6CC-4DE65A174E0A}.Release|x86.Build.0 = Release|Any CPU
		{1FE4CA30-B11C-49A0-92D7-468043918368}.Debug|Any CPU.ActiveCfg = Debug|Any CPU
		{1FE4CA30-B11C-49A0-92D7-468043918368}.Debug|Any CPU.Build.0 = Debug|Any CPU
		{1FE4CA30-B11C-49A0-92D7-468043918368}.Debug|Mixed Platforms.ActiveCfg = Debug|Any CPU
		{1FE4CA30-B11C-49A0-92D7-468043918368}.Debug|Mixed Platforms.Build.0 = Debug|Any CPU
		{1FE4CA30-B11C-49A0-92D7-468043918368}.Debug|x86.ActiveCfg = Debug|Any CPU
		{1FE4CA30-B11C-49A0-92D7-468043918368}.Debug|x86.Build.0 = Debug|Any CPU
		{1FE4CA30-B11C-49A0-92D7-468043918368}.Release|Any CPU.ActiveCfg = Release|Any CPU
		{1FE4CA30-B11C-49A0-92D7-468043918368}.Release|Any CPU.Build.0 = Release|Any CPU
		{1FE4CA30-B11C-49A0-92D7-468043918368}.Release|Mixed Platforms.ActiveCfg = Release|Any CPU
		{1FE4CA30-B11C-49A0-92D7-468043918368}.Release|Mixed Platforms.Build.0 = Release|Any CPU
		{1FE4CA30-B11C-49A0-92D7-468043918368}.Release|x86.ActiveCfg = Release|Any CPU
		{1FE4CA30-B11C-49A0-92D7-468043918368}.Release|x86.Build.0 = Release|Any CPU
		{B6622BC6-30B2-4C1B-B663-C523B8382C08}.Debug|Any CPU.ActiveCfg = Debug|Any CPU
		{B6622BC6-30B2-4C1B-B663-C523B8382C08}.Debug|Any CPU.Build.0 = Debug|Any CPU
		{B6622BC6-30B2-4C1B-B663-C523B8382C08}.Debug|Mixed Platforms.ActiveCfg = Debug|Any CPU
		{B6622BC6-30B2-4C1B-B663-C523B8382C08}.Debug|Mixed Platforms.Build.0 = Debug|Any CPU
		{B6622BC6-30B2-4C1B-B663-C523B8382C08}.Debug|x86.ActiveCfg = Debug|Any CPU
		{B6622BC6-30B2-4C1B-B663-C523B8382C08}.Debug|x86.Build.0 = Debug|Any CPU
		{B6622BC6-30B2-4C1B-B663-C523B8382C08}.Release|Any CPU.ActiveCfg = Release|Any CPU
		{B6622BC6-30B2-4C1B-B663-C523B8382C08}.Release|Any CPU.Build.0 = Release|Any CPU
		{B6622BC6-30B2-4C1B-B663-C523B8382C08}.Release|Mixed Platforms.ActiveCfg = Release|Any CPU
		{B6622BC6-30B2-4C1B-B663-C523B8382C08}.Release|Mixed Platforms.Build.0 = Release|Any CPU
		{B6622BC6-30B2-4C1B-B663-C523B8382C08}.Release|x86.ActiveCfg = Release|Any CPU
		{B6622BC6-30B2-4C1B-B663-C523B8382C08}.Release|x86.Build.0 = Release|Any CPU
		{FF63F163-FDCD-454D-8ABF-7B21490070DE}.Debug|Any CPU.ActiveCfg = Debug|Any CPU
		{FF63F163-FDCD-454D-8ABF-7B21490070DE}.Debug|Any CPU.Build.0 = Debug|Any CPU
		{FF63F163-FDCD-454D-8ABF-7B21490070DE}.Debug|Mixed Platforms.ActiveCfg = Debug|Any CPU
		{FF63F163-FDCD-454D-8ABF-7B21490070DE}.Debug|Mixed Platforms.Build.0 = Debug|Any CPU
		{FF63F163-FDCD-454D-8ABF-7B21490070DE}.Debug|x86.ActiveCfg = Debug|Any CPU
		{FF63F163-FDCD-454D-8ABF-7B21490070DE}.Debug|x86.Build.0 = Debug|Any CPU
		{FF63F163-FDCD-454D-8ABF-7B21490070DE}.Release|Any CPU.ActiveCfg = Release|Any CPU
		{FF63F163-FDCD-454D-8ABF-7B21490070DE}.Release|Any CPU.Build.0 = Release|Any CPU
		{FF63F163-FDCD-454D-8ABF-7B21490070DE}.Release|Mixed Platforms.ActiveCfg = Release|Any CPU
		{FF63F163-FDCD-454D-8ABF-7B21490070DE}.Release|Mixed Platforms.Build.0 = Release|Any CPU
		{FF63F163-FDCD-454D-8ABF-7B21490070DE}.Release|x86.ActiveCfg = Release|Any CPU
		{FF63F163-FDCD-454D-8ABF-7B21490070DE}.Release|x86.Build.0 = Release|Any CPU
		{53EB5CA8-5F92-443E-B6E6-1199B15B2316}.Debug|Any CPU.ActiveCfg = Debug|Any CPU
		{53EB5CA8-5F92-443E-B6E6-1199B15B2316}.Debug|Any CPU.Build.0 = Debug|Any CPU
		{53EB5CA8-5F92-443E-B6E6-1199B15B2316}.Debug|Mixed Platforms.ActiveCfg = Debug|Any CPU
		{53EB5CA8-5F92-443E-B6E6-1199B15B2316}.Debug|Mixed Platforms.Build.0 = Debug|Any CPU
		{53EB5CA8-5F92-443E-B6E6-1199B15B2316}.Debug|x86.ActiveCfg = Debug|Any CPU
		{53EB5CA8-5F92-443E-B6E6-1199B15B2316}.Debug|x86.Build.0 = Debug|Any CPU
		{53EB5CA8-5F92-443E-B6E6-1199B15B2316}.Release|Any CPU.ActiveCfg = Release|Any CPU
		{53EB5CA8-5F92-443E-B6E6-1199B15B2316}.Release|Any CPU.Build.0 = Release|Any CPU
		{53EB5CA8-5F92-443E-B6E6-1199B15B2316}.Release|Mixed Platforms.ActiveCfg = Release|Any CPU
		{53EB5CA8-5F92-443E-B6E6-1199B15B2316}.Release|Mixed Platforms.Build.0 = Release|Any CPU
		{53EB5CA8-5F92-443E-B6E6-1199B15B2316}.Release|x86.ActiveCfg = Release|Any CPU
		{53EB5CA8-5F92-443E-B6E6-1199B15B2316}.Release|x86.Build.0 = Release|Any CPU
		{494D0209-2BEB-4E38-9D95-AFA92F383010}.Debug|Any CPU.ActiveCfg = Debug|Any CPU
		{494D0209-2BEB-4E38-9D95-AFA92F383010}.Debug|Any CPU.Build.0 = Debug|Any CPU
		{494D0209-2BEB-4E38-9D95-AFA92F383010}.Debug|Mixed Platforms.ActiveCfg = Debug|Any CPU
		{494D0209-2BEB-4E38-9D95-AFA92F383010}.Debug|Mixed Platforms.Build.0 = Debug|Any CPU
		{494D0209-2BEB-4E38-9D95-AFA92F383010}.Debug|x86.ActiveCfg = Debug|Any CPU
		{494D0209-2BEB-4E38-9D95-AFA92F383010}.Debug|x86.Build.0 = Debug|Any CPU
		{494D0209-2BEB-4E38-9D95-AFA92F383010}.Release|Any CPU.ActiveCfg = Release|Any CPU
		{494D0209-2BEB-4E38-9D95-AFA92F383010}.Release|Any CPU.Build.0 = Release|Any CPU
		{494D0209-2BEB-4E38-9D95-AFA92F383010}.Release|Mixed Platforms.ActiveCfg = Release|Any CPU
		{494D0209-2BEB-4E38-9D95-AFA92F383010}.Release|Mixed Platforms.Build.0 = Release|Any CPU
		{494D0209-2BEB-4E38-9D95-AFA92F383010}.Release|x86.ActiveCfg = Release|Any CPU
		{494D0209-2BEB-4E38-9D95-AFA92F383010}.Release|x86.Build.0 = Release|Any CPU
		{6247C547-6275-4CD3-AD68-B1AD5F6ACE1B}.Debug|Any CPU.ActiveCfg = Debug|Any CPU
		{6247C547-6275-4CD3-AD68-B1AD5F6ACE1B}.Debug|Any CPU.Build.0 = Debug|Any CPU
		{6247C547-6275-4CD3-AD68-B1AD5F6ACE1B}.Debug|Mixed Platforms.ActiveCfg = Debug|Any CPU
		{6247C547-6275-4CD3-AD68-B1AD5F6ACE1B}.Debug|Mixed Platforms.Build.0 = Debug|Any CPU
		{6247C547-6275-4CD3-AD68-B1AD5F6ACE1B}.Debug|x86.ActiveCfg = Debug|Any CPU
		{6247C547-6275-4CD3-AD68-B1AD5F6ACE1B}.Debug|x86.Build.0 = Debug|Any CPU
		{6247C547-6275-4CD3-AD68-B1AD5F6ACE1B}.Release|Any CPU.ActiveCfg = Release|Any CPU
		{6247C547-6275-4CD3-AD68-B1AD5F6ACE1B}.Release|Any CPU.Build.0 = Release|Any CPU
		{6247C547-6275-4CD3-AD68-B1AD5F6ACE1B}.Release|Mixed Platforms.ActiveCfg = Release|Any CPU
		{6247C547-6275-4CD3-AD68-B1AD5F6ACE1B}.Release|Mixed Platforms.Build.0 = Release|Any CPU
		{6247C547-6275-4CD3-AD68-B1AD5F6ACE1B}.Release|x86.ActiveCfg = Release|Any CPU
		{6247C547-6275-4CD3-AD68-B1AD5F6ACE1B}.Release|x86.Build.0 = Release|Any CPU
		{0CF0822F-783B-455F-ACFF-8AB90A0A023E}.Debug|Any CPU.ActiveCfg = Debug|Any CPU
		{0CF0822F-783B-455F-ACFF-8AB90A0A023E}.Debug|Any CPU.Build.0 = Debug|Any CPU
		{0CF0822F-783B-455F-ACFF-8AB90A0A023E}.Debug|Mixed Platforms.ActiveCfg = Debug|Any CPU
		{0CF0822F-783B-455F-ACFF-8AB90A0A023E}.Debug|Mixed Platforms.Build.0 = Debug|Any CPU
		{0CF0822F-783B-455F-ACFF-8AB90A0A023E}.Debug|x86.ActiveCfg = Debug|Any CPU
		{0CF0822F-783B-455F-ACFF-8AB90A0A023E}.Debug|x86.Build.0 = Debug|Any CPU
		{0CF0822F-783B-455F-ACFF-8AB90A0A023E}.Release|Any CPU.ActiveCfg = Release|Any CPU
		{0CF0822F-783B-455F-ACFF-8AB90A0A023E}.Release|Any CPU.Build.0 = Release|Any CPU
		{0CF0822F-783B-455F-ACFF-8AB90A0A023E}.Release|Mixed Platforms.ActiveCfg = Release|Any CPU
		{0CF0822F-783B-455F-ACFF-8AB90A0A023E}.Release|Mixed Platforms.Build.0 = Release|Any CPU
		{0CF0822F-783B-455F-ACFF-8AB90A0A023E}.Release|x86.ActiveCfg = Release|Any CPU
		{0CF0822F-783B-455F-ACFF-8AB90A0A023E}.Release|x86.Build.0 = Release|Any CPU
		{9ED96931-0FBA-487A-8560-2CF6F9CE5429}.Debug|Any CPU.ActiveCfg = Debug|Any CPU
		{9ED96931-0FBA-487A-8560-2CF6F9CE5429}.Debug|Any CPU.Build.0 = Debug|Any CPU
		{9ED96931-0FBA-487A-8560-2CF6F9CE5429}.Debug|Mixed Platforms.ActiveCfg = Debug|Any CPU
		{9ED96931-0FBA-487A-8560-2CF6F9CE5429}.Debug|Mixed Platforms.Build.0 = Debug|Any CPU
		{9ED96931-0FBA-487A-8560-2CF6F9CE5429}.Debug|x86.ActiveCfg = Debug|Any CPU
		{9ED96931-0FBA-487A-8560-2CF6F9CE5429}.Debug|x86.Build.0 = Debug|Any CPU
		{9ED96931-0FBA-487A-8560-2CF6F9CE5429}.Release|Any CPU.ActiveCfg = Release|Any CPU
		{9ED96931-0FBA-487A-8560-2CF6F9CE5429}.Release|Any CPU.Build.0 = Release|Any CPU
		{9ED96931-0FBA-487A-8560-2CF6F9CE5429}.Release|Mixed Platforms.ActiveCfg = Release|Any CPU
		{9ED96931-0FBA-487A-8560-2CF6F9CE5429}.Release|Mixed Platforms.Build.0 = Release|Any CPU
		{9ED96931-0FBA-487A-8560-2CF6F9CE5429}.Release|x86.ActiveCfg = Release|Any CPU
		{9ED96931-0FBA-487A-8560-2CF6F9CE5429}.Release|x86.Build.0 = Release|Any CPU
		{3192EA3A-C772-4A30-B4AD-9CD4CB6EADA3}.Debug|Any CPU.ActiveCfg = Debug|Any CPU
		{3192EA3A-C772-4A30-B4AD-9CD4CB6EADA3}.Debug|Any CPU.Build.0 = Debug|Any CPU
		{3192EA3A-C772-4A30-B4AD-9CD4CB6EADA3}.Debug|Mixed Platforms.ActiveCfg = Debug|Any CPU
		{3192EA3A-C772-4A30-B4AD-9CD4CB6EADA3}.Debug|Mixed Platforms.Build.0 = Debug|Any CPU
		{3192EA3A-C772-4A30-B4AD-9CD4CB6EADA3}.Debug|x86.ActiveCfg = Debug|Any CPU
		{3192EA3A-C772-4A30-B4AD-9CD4CB6EADA3}.Debug|x86.Build.0 = Debug|Any CPU
		{3192EA3A-C772-4A30-B4AD-9CD4CB6EADA3}.Release|Any CPU.ActiveCfg = Release|Any CPU
		{3192EA3A-C772-4A30-B4AD-9CD4CB6EADA3}.Release|Any CPU.Build.0 = Release|Any CPU
		{3192EA3A-C772-4A30-B4AD-9CD4CB6EADA3}.Release|Mixed Platforms.ActiveCfg = Release|Any CPU
		{3192EA3A-C772-4A30-B4AD-9CD4CB6EADA3}.Release|Mixed Platforms.Build.0 = Release|Any CPU
		{3192EA3A-C772-4A30-B4AD-9CD4CB6EADA3}.Release|x86.ActiveCfg = Release|Any CPU
		{3192EA3A-C772-4A30-B4AD-9CD4CB6EADA3}.Release|x86.Build.0 = Release|Any CPU
		{75B5F9D1-667B-4ABB-BBAD-92DADEE1CB08}.Debug|Any CPU.ActiveCfg = Debug|Any CPU
		{75B5F9D1-667B-4ABB-BBAD-92DADEE1CB08}.Debug|Any CPU.Build.0 = Debug|Any CPU
		{75B5F9D1-667B-4ABB-BBAD-92DADEE1CB08}.Debug|Mixed Platforms.ActiveCfg = Debug|Any CPU
		{75B5F9D1-667B-4ABB-BBAD-92DADEE1CB08}.Debug|Mixed Platforms.Build.0 = Debug|Any CPU
		{75B5F9D1-667B-4ABB-BBAD-92DADEE1CB08}.Debug|x86.ActiveCfg = Debug|Any CPU
		{75B5F9D1-667B-4ABB-BBAD-92DADEE1CB08}.Debug|x86.Build.0 = Debug|Any CPU
		{75B5F9D1-667B-4ABB-BBAD-92DADEE1CB08}.Release|Any CPU.ActiveCfg = Release|Any CPU
		{75B5F9D1-667B-4ABB-BBAD-92DADEE1CB08}.Release|Any CPU.Build.0 = Release|Any CPU
		{75B5F9D1-667B-4ABB-BBAD-92DADEE1CB08}.Release|Mixed Platforms.ActiveCfg = Release|Any CPU
		{75B5F9D1-667B-4ABB-BBAD-92DADEE1CB08}.Release|Mixed Platforms.Build.0 = Release|Any CPU
		{75B5F9D1-667B-4ABB-BBAD-92DADEE1CB08}.Release|x86.ActiveCfg = Release|Any CPU
		{75B5F9D1-667B-4ABB-BBAD-92DADEE1CB08}.Release|x86.Build.0 = Release|Any CPU
		{3A6027BD-051E-4DBB-B0FC-FBEB1750BE42}.Debug|Any CPU.ActiveCfg = Debug|Any CPU
		{3A6027BD-051E-4DBB-B0FC-FBEB1750BE42}.Debug|Any CPU.Build.0 = Debug|Any CPU
		{3A6027BD-051E-4DBB-B0FC-FBEB1750BE42}.Debug|Mixed Platforms.ActiveCfg = Debug|Any CPU
		{3A6027BD-051E-4DBB-B0FC-FBEB1750BE42}.Debug|Mixed Platforms.Build.0 = Debug|Any CPU
		{3A6027BD-051E-4DBB-B0FC-FBEB1750BE42}.Debug|x86.ActiveCfg = Debug|Any CPU
		{3A6027BD-051E-4DBB-B0FC-FBEB1750BE42}.Debug|x86.Build.0 = Debug|Any CPU
		{3A6027BD-051E-4DBB-B0FC-FBEB1750BE42}.Release|Any CPU.ActiveCfg = Release|Any CPU
		{3A6027BD-051E-4DBB-B0FC-FBEB1750BE42}.Release|Any CPU.Build.0 = Release|Any CPU
		{3A6027BD-051E-4DBB-B0FC-FBEB1750BE42}.Release|Mixed Platforms.ActiveCfg = Release|Any CPU
		{3A6027BD-051E-4DBB-B0FC-FBEB1750BE42}.Release|Mixed Platforms.Build.0 = Release|Any CPU
		{3A6027BD-051E-4DBB-B0FC-FBEB1750BE42}.Release|x86.ActiveCfg = Release|Any CPU
		{3A6027BD-051E-4DBB-B0FC-FBEB1750BE42}.Release|x86.Build.0 = Release|Any CPU
		{38589CA8-8A9C-4DD7-95D1-DF8EA9FA9A51}.Debug|Any CPU.ActiveCfg = Debug|Any CPU
		{38589CA8-8A9C-4DD7-95D1-DF8EA9FA9A51}.Debug|Any CPU.Build.0 = Debug|Any CPU
		{38589CA8-8A9C-4DD7-95D1-DF8EA9FA9A51}.Debug|Mixed Platforms.ActiveCfg = Debug|Any CPU
		{38589CA8-8A9C-4DD7-95D1-DF8EA9FA9A51}.Debug|Mixed Platforms.Build.0 = Debug|Any CPU
		{38589CA8-8A9C-4DD7-95D1-DF8EA9FA9A51}.Debug|x86.ActiveCfg = Debug|Any CPU
		{38589CA8-8A9C-4DD7-95D1-DF8EA9FA9A51}.Debug|x86.Build.0 = Debug|Any CPU
		{38589CA8-8A9C-4DD7-95D1-DF8EA9FA9A51}.Release|Any CPU.ActiveCfg = Release|Any CPU
		{38589CA8-8A9C-4DD7-95D1-DF8EA9FA9A51}.Release|Any CPU.Build.0 = Release|Any CPU
		{38589CA8-8A9C-4DD7-95D1-DF8EA9FA9A51}.Release|Mixed Platforms.ActiveCfg = Release|Any CPU
		{38589CA8-8A9C-4DD7-95D1-DF8EA9FA9A51}.Release|Mixed Platforms.Build.0 = Release|Any CPU
		{38589CA8-8A9C-4DD7-95D1-DF8EA9FA9A51}.Release|x86.ActiveCfg = Release|Any CPU
		{38589CA8-8A9C-4DD7-95D1-DF8EA9FA9A51}.Release|x86.Build.0 = Release|Any CPU
		{8F3DA659-356C-48B3-8E9D-85134AAAF728}.Debug|Any CPU.ActiveCfg = Debug|Any CPU
		{8F3DA659-356C-48B3-8E9D-85134AAAF728}.Debug|Any CPU.Build.0 = Debug|Any CPU
		{8F3DA659-356C-48B3-8E9D-85134AAAF728}.Debug|Mixed Platforms.ActiveCfg = Debug|Any CPU
		{8F3DA659-356C-48B3-8E9D-85134AAAF728}.Debug|Mixed Platforms.Build.0 = Debug|Any CPU
		{8F3DA659-356C-48B3-8E9D-85134AAAF728}.Debug|x86.ActiveCfg = Debug|Any CPU
		{8F3DA659-356C-48B3-8E9D-85134AAAF728}.Debug|x86.Build.0 = Debug|Any CPU
		{8F3DA659-356C-48B3-8E9D-85134AAAF728}.Release|Any CPU.ActiveCfg = Release|Any CPU
		{8F3DA659-356C-48B3-8E9D-85134AAAF728}.Release|Any CPU.Build.0 = Release|Any CPU
		{8F3DA659-356C-48B3-8E9D-85134AAAF728}.Release|Mixed Platforms.ActiveCfg = Release|Any CPU
		{8F3DA659-356C-48B3-8E9D-85134AAAF728}.Release|Mixed Platforms.Build.0 = Release|Any CPU
		{8F3DA659-356C-48B3-8E9D-85134AAAF728}.Release|x86.ActiveCfg = Release|Any CPU
		{8F3DA659-356C-48B3-8E9D-85134AAAF728}.Release|x86.Build.0 = Release|Any CPU
		{0531FCC5-B7B8-459C-92DD-719D7164A92A}.Debug|Any CPU.ActiveCfg = Debug|Any CPU
		{0531FCC5-B7B8-459C-92DD-719D7164A92A}.Debug|Any CPU.Build.0 = Debug|Any CPU
		{0531FCC5-B7B8-459C-92DD-719D7164A92A}.Debug|Mixed Platforms.ActiveCfg = Debug|Any CPU
		{0531FCC5-B7B8-459C-92DD-719D7164A92A}.Debug|Mixed Platforms.Build.0 = Debug|Any CPU
		{0531FCC5-B7B8-459C-92DD-719D7164A92A}.Debug|x86.ActiveCfg = Debug|Any CPU
		{0531FCC5-B7B8-459C-92DD-719D7164A92A}.Debug|x86.Build.0 = Debug|Any CPU
		{0531FCC5-B7B8-459C-92DD-719D7164A92A}.Release|Any CPU.ActiveCfg = Release|Any CPU
		{0531FCC5-B7B8-459C-92DD-719D7164A92A}.Release|Any CPU.Build.0 = Release|Any CPU
		{0531FCC5-B7B8-459C-92DD-719D7164A92A}.Release|Mixed Platforms.ActiveCfg = Release|Any CPU
		{0531FCC5-B7B8-459C-92DD-719D7164A92A}.Release|Mixed Platforms.Build.0 = Release|Any CPU
		{0531FCC5-B7B8-459C-92DD-719D7164A92A}.Release|x86.ActiveCfg = Release|Any CPU
		{0531FCC5-B7B8-459C-92DD-719D7164A92A}.Release|x86.Build.0 = Release|Any CPU
		{26561FEF-8A44-4EDB-95BC-781CD9B3153C}.Debug|Any CPU.ActiveCfg = Debug|Any CPU
		{26561FEF-8A44-4EDB-95BC-781CD9B3153C}.Debug|Any CPU.Build.0 = Debug|Any CPU
		{26561FEF-8A44-4EDB-95BC-781CD9B3153C}.Debug|Mixed Platforms.ActiveCfg = Debug|Any CPU
		{26561FEF-8A44-4EDB-95BC-781CD9B3153C}.Debug|Mixed Platforms.Build.0 = Debug|Any CPU
		{26561FEF-8A44-4EDB-95BC-781CD9B3153C}.Debug|x86.ActiveCfg = Debug|Any CPU
		{26561FEF-8A44-4EDB-95BC-781CD9B3153C}.Debug|x86.Build.0 = Debug|Any CPU
		{26561FEF-8A44-4EDB-95BC-781CD9B3153C}.Release|Any CPU.ActiveCfg = Release|Any CPU
		{26561FEF-8A44-4EDB-95BC-781CD9B3153C}.Release|Any CPU.Build.0 = Release|Any CPU
		{26561FEF-8A44-4EDB-95BC-781CD9B3153C}.Release|Mixed Platforms.ActiveCfg = Release|Any CPU
		{26561FEF-8A44-4EDB-95BC-781CD9B3153C}.Release|Mixed Platforms.Build.0 = Release|Any CPU
		{26561FEF-8A44-4EDB-95BC-781CD9B3153C}.Release|x86.ActiveCfg = Release|Any CPU
		{26561FEF-8A44-4EDB-95BC-781CD9B3153C}.Release|x86.Build.0 = Release|Any CPU
		{1EFB064F-6553-417F-8778-E9F631188923}.Debug|Any CPU.ActiveCfg = Debug|Any CPU
		{1EFB064F-6553-417F-8778-E9F631188923}.Debug|Any CPU.Build.0 = Debug|Any CPU
		{1EFB064F-6553-417F-8778-E9F631188923}.Debug|Mixed Platforms.ActiveCfg = Debug|Any CPU
		{1EFB064F-6553-417F-8778-E9F631188923}.Debug|Mixed Platforms.Build.0 = Debug|Any CPU
		{1EFB064F-6553-417F-8778-E9F631188923}.Debug|x86.ActiveCfg = Debug|Any CPU
		{1EFB064F-6553-417F-8778-E9F631188923}.Debug|x86.Build.0 = Debug|Any CPU
		{1EFB064F-6553-417F-8778-E9F631188923}.Release|Any CPU.ActiveCfg = Release|Any CPU
		{1EFB064F-6553-417F-8778-E9F631188923}.Release|Any CPU.Build.0 = Release|Any CPU
		{1EFB064F-6553-417F-8778-E9F631188923}.Release|Mixed Platforms.ActiveCfg = Release|Any CPU
		{1EFB064F-6553-417F-8778-E9F631188923}.Release|Mixed Platforms.Build.0 = Release|Any CPU
		{1EFB064F-6553-417F-8778-E9F631188923}.Release|x86.ActiveCfg = Release|Any CPU
		{1EFB064F-6553-417F-8778-E9F631188923}.Release|x86.Build.0 = Release|Any CPU
		{01E3C336-69CD-4267-B832-3C9CA91A1079}.Debug|Any CPU.ActiveCfg = Debug|Any CPU
		{01E3C336-69CD-4267-B832-3C9CA91A1079}.Debug|Any CPU.Build.0 = Debug|Any CPU
		{01E3C336-69CD-4267-B832-3C9CA91A1079}.Debug|Mixed Platforms.ActiveCfg = Debug|Any CPU
		{01E3C336-69CD-4267-B832-3C9CA91A1079}.Debug|Mixed Platforms.Build.0 = Debug|Any CPU
		{01E3C336-69CD-4267-B832-3C9CA91A1079}.Debug|x86.ActiveCfg = Debug|Any CPU
		{01E3C336-69CD-4267-B832-3C9CA91A1079}.Debug|x86.Build.0 = Debug|Any CPU
		{01E3C336-69CD-4267-B832-3C9CA91A1079}.Release|Any CPU.ActiveCfg = Release|Any CPU
		{01E3C336-69CD-4267-B832-3C9CA91A1079}.Release|Any CPU.Build.0 = Release|Any CPU
		{01E3C336-69CD-4267-B832-3C9CA91A1079}.Release|Mixed Platforms.ActiveCfg = Release|Any CPU
		{01E3C336-69CD-4267-B832-3C9CA91A1079}.Release|Mixed Platforms.Build.0 = Release|Any CPU
		{01E3C336-69CD-4267-B832-3C9CA91A1079}.Release|x86.ActiveCfg = Release|Any CPU
		{01E3C336-69CD-4267-B832-3C9CA91A1079}.Release|x86.Build.0 = Release|Any CPU
	EndGlobalSection
	GlobalSection(SolutionProperties) = preSolution
		HideSolutionNode = FALSE
	EndGlobalSection
	GlobalSection(ExtensibilityGlobals) = postSolution
		SolutionGuid = {5AAB182F-7C96-4F1A-9168-694B3114F4FF}
	EndGlobalSection
EndGlobal
