
Microsoft Visual Studio Solution File, Format Version 12.00
# Visual Studio 15
VisualStudioVersion = 15.0.27130.2036
MinimumVisualStudioVersion = 10.0.40219.1
Project("{FAE04EC0-301F-11D3-BF4B-00C04F79EFBC}") = "Tuhu.Provisioning", "Tuhu.Provisioning\Tuhu.Provisioning.csproj", "{05D546FF-F2EC-4734-9CBC-579411D0FC8E}"
EndProject
Project("{FAE04EC0-301F-11D3-BF4B-00C04F79EFBC}") = "Tuhu.Provisioning.Business", "Tuhu.Provisioning.Business\Tuhu.Provisioning.Business.csproj", "{3CD73CC2-643F-4FE8-ACD0-A5CE083C765A}"
EndProject
Project("{FAE04EC0-301F-11D3-BF4B-00C04F79EFBC}") = "Tuhu.Provisioning.DataAccess", "Tuhu.Provisioning.DataAccess\Tuhu.Provisioning.DataAccess.csproj", "{C3F1B986-5567-4DD7-A05F-C9C39AD4A71D}"
EndProject
Project("{FAE04EC0-301F-11D3-BF4B-00C04F79EFBC}") = "SecurityBuilder", "SecurityHelper\SecurityBuilder.csproj", "{D55B2846-DB05-4618-B126-66BDB319CE66}"
EndProject
Project("{FAE04EC0-301F-11D3-BF4B-00C04F79EFBC}") = "Tuhu.CryptoService", "Tuhu.CryptoService\Tuhu.CryptoService.csproj", "{6B253ABA-B664-417E-98AD-4A44B27F9D98}"
EndProject
Global
	GlobalSection(SolutionConfigurationPlatforms) = preSolution
		Debug|Any CPU = Debug|Any CPU
		Release|Any CPU = Release|Any CPU
	EndGlobalSection
	GlobalSection(ProjectConfigurationPlatforms) = postSolution
		{05D546FF-F2EC-4734-9CBC-579411D0FC8E}.Debug|Any CPU.ActiveCfg = Debug|Any CPU
		{05D546FF-F2EC-4734-9CBC-579411D0FC8E}.Debug|Any CPU.Build.0 = Debug|Any CPU
		{05D546FF-F2EC-4734-9CBC-579411D0FC8E}.Release|Any CPU.ActiveCfg = Release|Any CPU
		{05D546FF-F2EC-4734-9CBC-579411D0FC8E}.Release|Any CPU.Build.0 = Release|Any CPU
		{3CD73CC2-643F-4FE8-ACD0-A5CE083C765A}.Debug|Any CPU.ActiveCfg = Debug|Any CPU
		{3CD73CC2-643F-4FE8-ACD0-A5CE083C765A}.Debug|Any CPU.Build.0 = Debug|Any CPU
		{3CD73CC2-643F-4FE8-ACD0-A5CE083C765A}.Release|Any CPU.ActiveCfg = Release|Any CPU
		{3CD73CC2-643F-4FE8-ACD0-A5CE083C765A}.Release|Any CPU.Build.0 = Release|Any CPU
		{C3F1B986-5567-4DD7-A05F-C9C39AD4A71D}.Debug|Any CPU.ActiveCfg = Debug|Any CPU
		{C3F1B986-5567-4DD7-A05F-C9C39AD4A71D}.Debug|Any CPU.Build.0 = Debug|Any CPU
		{C3F1B986-5567-4DD7-A05F-C9C39AD4A71D}.Release|Any CPU.ActiveCfg = Release|Any CPU
		{C3F1B986-5567-4DD7-A05F-C9C39AD4A71D}.Release|Any CPU.Build.0 = Release|Any CPU
		{D55B2846-DB05-4618-B126-66BDB319CE66}.Debug|Any CPU.ActiveCfg = Debug|Any CPU
		{D55B2846-DB05-4618-B126-66BDB319CE66}.Debug|Any CPU.Build.0 = Debug|Any CPU
		{D55B2846-DB05-4618-B126-66BDB319CE66}.Release|Any CPU.ActiveCfg = Release|Any CPU
		{D55B2846-DB05-4618-B126-66BDB319CE66}.Release|Any CPU.Build.0 = Release|Any CPU
		{6B253ABA-B664-417E-98AD-4A44B27F9D98}.Debug|Any CPU.ActiveCfg = Debug|Any CPU
		{6B253ABA-B664-417E-98AD-4A44B27F9D98}.Debug|Any CPU.Build.0 = Debug|Any CPU
		{6B253ABA-B664-417E-98AD-4A44B27F9D98}.Release|Any CPU.ActiveCfg = Release|Any CPU
		{6B253ABA-B664-417E-98AD-4A44B27F9D98}.Release|Any CPU.Build.0 = Release|Any CPU
	EndGlobalSection
	GlobalSection(SolutionProperties) = preSolution
		HideSolutionNode = FALSE
	EndGlobalSection
	GlobalSection(ExtensibilityGlobals) = postSolution
		SolutionGuid = {F0626191-1C39-44C9-A846-77F4C1E38DF1}
	EndGlobalSection
EndGlobal
