
Microsoft Visual Studio Solution File, Format Version 12.00
# Visual Studio 15
VisualStudioVersion = 15.0.26730.12
MinimumVisualStudioVersion = 10.0.40219.1
Project("{FAE04EC0-301F-11D3-BF4B-00C04F79EFBC}") = "Tuhu.DbMap", "Tuhu.DbMap\Tuhu.DbMap.csproj", "{B8A4C643-058B-4B90-A84C-5E58C2B14A18}"
EndProject
Global
	GlobalSection(SolutionConfigurationPlatforms) = preSolution
		Debug|Any CPU = Debug|Any CPU
		Release|Any CPU = Release|Any CPU
	EndGlobalSection
	GlobalSection(ProjectConfigurationPlatforms) = postSolution
		{B8A4C643-058B-4B90-A84C-5E58C2B14A18}.Debug|Any CPU.ActiveCfg = Debug|Any CPU
		{B8A4C643-058B-4B90-A84C-5E58C2B14A18}.Debug|Any CPU.Build.0 = Debug|Any CPU
		{B8A4C643-058B-4B90-A84C-5E58C2B14A18}.Release|Any CPU.ActiveCfg = Release|Any CPU
		{B8A4C643-058B-4B90-A84C-5E58C2B14A18}.Release|Any CPU.Build.0 = Release|Any CPU
	EndGlobalSection
	GlobalSection(SolutionProperties) = preSolution
		HideSolutionNode = FALSE
	EndGlobalSection
	GlobalSection(ExtensibilityGlobals) = postSolution
		SolutionGuid = {D5AA062B-CB20-4AF4-ACE4-179AC9001E17}
	EndGlobalSection
EndGlobal
