
Microsoft Visual Studio Solution File, Format Version 12.00
# Visual Studio 15
VisualStudioVersion = 15.0.27130.2036
MinimumVisualStudioVersion = 10.0.40219.1
Project("{FAE04EC0-301F-11D3-BF4B-00C04F79EFBC}") = "Tuhu.C.YunYing.WinService.PushJobSchedulerService", "Tuhu.C.YunYing.WinService.JobSchedulerService\Tuhu.C.YunYing.WinService.PushJobSchedulerService.csproj", "{FCB7FA41-9A00-4224-A98C-F7841D3100F6}"
EndProject
Project("{FAE04EC0-301F-11D3-BF4B-00C04F79EFBC}") = "Tuhu.C.YunYing.WinService.PushJobSchedulerService.PushMessage", "Tuhu.C.YunYing.WinService.JobSchedulerService.PushMessage\Tuhu.C.YunYing.WinService.PushJobSchedulerService.PushMessage.csproj", "{CB3CBCB4-5B14-4FBD-B8D6-D69799609877}"
EndProject
Project("{FAE04EC0-301F-11D3-BF4B-00C04F79EFBC}") = "Tuhu.C.YunYing.WinService.PushDataStore", "Tuhu.C.YunYing.WinService.DataStore\Tuhu.C.YunYing.WinService.PushDataStore.csproj", "{E7D94A13-FFA2-487B-BCD6-803C257B85F2}"
EndProject
Global
	GlobalSection(SolutionConfigurationPlatforms) = preSolution
		Debug|Any CPU = Debug|Any CPU
		Release|Any CPU = Release|Any CPU
	EndGlobalSection
	GlobalSection(ProjectConfigurationPlatforms) = postSolution
		{FCB7FA41-9A00-4224-A98C-F7841D3100F6}.Debug|Any CPU.ActiveCfg = Debug|Any CPU
		{FCB7FA41-9A00-4224-A98C-F7841D3100F6}.Debug|Any CPU.Build.0 = Debug|Any CPU
		{FCB7FA41-9A00-4224-A98C-F7841D3100F6}.Release|Any CPU.ActiveCfg = Release|Any CPU
		{FCB7FA41-9A00-4224-A98C-F7841D3100F6}.Release|Any CPU.Build.0 = Release|Any CPU
		{CB3CBCB4-5B14-4FBD-B8D6-D69799609877}.Debug|Any CPU.ActiveCfg = Debug|Any CPU
		{CB3CBCB4-5B14-4FBD-B8D6-D69799609877}.Debug|Any CPU.Build.0 = Debug|Any CPU
		{CB3CBCB4-5B14-4FBD-B8D6-D69799609877}.Release|Any CPU.ActiveCfg = Release|Any CPU
		{CB3CBCB4-5B14-4FBD-B8D6-D69799609877}.Release|Any CPU.Build.0 = Release|Any CPU
		{E7D94A13-FFA2-487B-BCD6-803C257B85F2}.Debug|Any CPU.ActiveCfg = Debug|Any CPU
		{E7D94A13-FFA2-487B-BCD6-803C257B85F2}.Debug|Any CPU.Build.0 = Debug|Any CPU
		{E7D94A13-FFA2-487B-BCD6-803C257B85F2}.Release|Any CPU.ActiveCfg = Release|Any CPU
		{E7D94A13-FFA2-487B-BCD6-803C257B85F2}.Release|Any CPU.Build.0 = Release|Any CPU
	EndGlobalSection
	GlobalSection(SolutionProperties) = preSolution
		HideSolutionNode = FALSE
	EndGlobalSection
	GlobalSection(ExtensibilityGlobals) = postSolution
		SolutionGuid = {AC02C655-872F-4359-8809-B830ED579007}
	EndGlobalSection
EndGlobal
